
Microsoft Visual Studio Solution File, Format Version 12.00
# Visual Studio Version 17
VisualStudioVersion = 17.4.33213.308
MinimumVisualStudioVersion = 10.0.40219.1
Project("{9A19103F-16F7-4668-BE54-9A1E7A4F7556}") = "Pace", "Pace.csproj", "{81D52DA0-5EFC-421D-AEE3-B438A7537E1B}"
EndProject
Global
	GlobalSection(SolutionConfigurationPlatforms) = preSolution
		Debug|Any CPU = Debug|Any CPU
		Release|Any CPU = Release|Any CPU
	EndGlobalSection
	GlobalSection(ProjectConfigurationPlatforms) = postSolution
		{81D52DA0-5EFC-421D-AEE3-B438A7537E1B}.Debug|Any CPU.ActiveCfg = Debug|Any CPU
		{81D52DA0-5EFC-421D-AEE3-B438A7537E1B}.Debug|Any CPU.Build.0 = Debug|Any CPU
		{81D52DA0-5EFC-421D-AEE3-B438A7537E1B}.Release|Any CPU.ActiveCfg = Release|Any CPU
		{81D52DA0-5EFC-421D-AEE3-B438A7537E1B}.Release|Any CPU.Build.0 = Release|Any CPU
	EndGlobalSection
	GlobalSection(SolutionProperties) = preSolution
		HideSolutionNode = FALSE
	EndGlobalSection
	GlobalSection(ExtensibilityGlobals) = postSolution
		SolutionGuid = {791CA1ED-24CA-44F3-A49E-CB64D6CABFD3}
	EndGlobalSection
EndGlobal
